// !$*UTF8*$!
{
	archiveVersion = 1;
	classes = {
	};
	objectVersion = 56;
	objects = {

/* Begin PBXBuildFile section */
		B03C5A5329BA1D3200BFE310 /* MemoroAppApp.swift in Sources */ = {isa = PBXBuildFile; fileRef = B03C5A5229BA1D3200BFE310 /* MemoroAppApp.swift */; };
		B03C5A5529BA1D3200BFE310 /* ContentView.swift in Sources */ = {isa = PBXBuildFile; fileRef = B03C5A5429BA1D3200BFE310 /* ContentView.swift */; };
		B03C5A5729BA1D3300BFE310 /* Assets.xcassets in Resources */ = {isa = PBXBuildFile; fileRef = B03C5A5629BA1D3300BFE310 /* Assets.xcassets */; };
		B03C5A5A29BA1D3300BFE310 /* Preview Assets.xcassets in Resources */ = {isa = PBXBuildFile; fileRef = B03C5A5929BA1D3300BFE310 /* Preview Assets.xcassets */; };
		B06EA5A429C323C800D425E6 /* WorldMapView.swift in Sources */ = {isa = PBXBuildFile; fileRef = B06EA5A329C323C800D425E6 /* WorldMapView.swift */; };
		B0C8BE5B29C1C5ED00483769 /* LocalAuthManager.swift in Sources */ = {isa = PBXBuildFile; fileRef = B0C8BE5A29C1C5ED00483769 /* LocalAuthManager.swift */; };
		B0C8BE5E29C1C86600483769 /* LocalAuthView.swift in Sources */ = {isa = PBXBuildFile; fileRef = B0C8BE5D29C1C86600483769 /* LocalAuthView.swift */; };
		B0C8BE6029C1CEC800483769 /* ColorExtension.swift in Sources */ = {isa = PBXBuildFile; fileRef = B0C8BE5F29C1CEC800483769 /* ColorExtension.swift */; };
		B0C8BE6229C1D92400483769 /* TabNavigationView.swift in Sources */ = {isa = PBXBuildFile; fileRef = B0C8BE6129C1D92400483769 /* TabNavigationView.swift */; };
		B0C8BE6429C1E35500483769 /* SettingsView.swift in Sources */ = {isa = PBXBuildFile; fileRef = B0C8BE6329C1E35500483769 /* SettingsView.swift */; };
/* End PBXBuildFile section */

/* Begin PBXFileReference section */
		B03C5A4F29BA1D3200BFE310 /* MemoroApp.app */ = {isa = PBXFileReference; explicitFileType = wrapper.application; includeInIndex = 0; path = MemoroApp.app; sourceTree = BUILT_PRODUCTS_DIR; };
		B03C5A5229BA1D3200BFE310 /* MemoroAppApp.swift */ = {isa = PBXFileReference; lastKnownFileType = sourcecode.swift; path = MemoroAppApp.swift; sourceTree = "<group>"; };
		B03C5A5429BA1D3200BFE310 /* ContentView.swift */ = {isa = PBXFileReference; lastKnownFileType = sourcecode.swift; path = ContentView.swift; sourceTree = "<group>"; };
		B03C5A5629BA1D3300BFE310 /* Assets.xcassets */ = {isa = PBXFileReference; lastKnownFileType = folder.assetcatalog; path = Assets.xcassets; sourceTree = "<group>"; };
		B03C5A5929BA1D3300BFE310 /* Preview Assets.xcassets */ = {isa = PBXFileReference; lastKnownFileType = folder.assetcatalog; path = "Preview Assets.xcassets"; sourceTree = "<group>"; };
		B06EA5A329C323C800D425E6 /* WorldMapView.swift */ = {isa = PBXFileReference; lastKnownFileType = sourcecode.swift; path = WorldMapView.swift; sourceTree = "<group>"; };
		B0C8BE5A29C1C5ED00483769 /* LocalAuthManager.swift */ = {isa = PBXFileReference; lastKnownFileType = sourcecode.swift; path = LocalAuthManager.swift; sourceTree = "<group>"; };
		B0C8BE5D29C1C86600483769 /* LocalAuthView.swift */ = {isa = PBXFileReference; lastKnownFileType = sourcecode.swift; path = LocalAuthView.swift; sourceTree = "<group>"; };
		B0C8BE5F29C1CEC800483769 /* ColorExtension.swift */ = {isa = PBXFileReference; lastKnownFileType = sourcecode.swift; path = ColorExtension.swift; sourceTree = "<group>"; };
		B0C8BE6129C1D92400483769 /* TabNavigationView.swift */ = {isa = PBXFileReference; lastKnownFileType = sourcecode.swift; path = TabNavigationView.swift; sourceTree = "<group>"; };
		B0C8BE6329C1E35500483769 /* SettingsView.swift */ = {isa = PBXFileReference; lastKnownFileType = sourcecode.swift; path = SettingsView.swift; sourceTree = "<group>"; };
/* End PBXFileReference section */

/* Begin PBXFrameworksBuildPhase section */
		B03C5A4C29BA1D3200BFE310 /* Frameworks */ = {
			isa = PBXFrameworksBuildPhase;
			buildActionMask = 2147483647;
			files = (
			);
			runOnlyForDeploymentPostprocessing = 0;
		};
/* End PBXFrameworksBuildPhase section */

/* Begin PBXGroup section */
		B03C5A4629BA1D3200BFE310 = {
			isa = PBXGroup;
			children = (
				B03C5A5129BA1D3200BFE310 /* MemoroApp */,
				B03C5A5029BA1D3200BFE310 /* Products */,
			);
			sourceTree = "<group>";
		};
		B03C5A5029BA1D3200BFE310 /* Products */ = {
			isa = PBXGroup;
			children = (
				B03C5A4F29BA1D3200BFE310 /* MemoroApp.app */,
			);
			name = Products;
			sourceTree = "<group>";
		};
		B03C5A5129BA1D3200BFE310 /* MemoroApp */ = {
			isa = PBXGroup;
			children = (
				B03C5A5229BA1D3200BFE310 /* MemoroAppApp.swift */,
				B0C8BE5C29C1C73400483769 /* Navigation */,
				B03C5A6029BA1F0400BFE310 /* Model */,
				B03C5A6129BA1F0D00BFE310 /* View */,
				B03C5A6229BA1F1A00BFE310 /* Manager */,
				B03C5A6329BA1F2C00BFE310 /* Component */,
				B0C8BE5929C1C5BF00483769 /* Extension */,
				B03C5A5629BA1D3300BFE310 /* Assets.xcassets */,
				B03C5A5829BA1D3300BFE310 /* Preview Content */,
			);
			path = MemoroApp;
			sourceTree = "<group>";
		};
		B03C5A5829BA1D3300BFE310 /* Preview Content */ = {
			isa = PBXGroup;
			children = (
				B03C5A5929BA1D3300BFE310 /* Preview Assets.xcassets */,
			);
			path = "Preview Content";
			sourceTree = "<group>";
		};
		B03C5A6029BA1F0400BFE310 /* Model */ = {
			isa = PBXGroup;
			children = (
			);
			path = Model;
			sourceTree = "<group>";
		};
		B03C5A6129BA1F0D00BFE310 /* View */ = {
			isa = PBXGroup;
			children = (
				B0C8BE5D29C1C86600483769 /* LocalAuthView.swift */,
				B06EA5A329C323C800D425E6 /* WorldMapView.swift */,
				B0C8BE6329C1E35500483769 /* SettingsView.swift */,
			);
			path = View;
			sourceTree = "<group>";
		};
		B03C5A6229BA1F1A00BFE310 /* Manager */ = {
			isa = PBXGroup;
			children = (
				B0C8BE5A29C1C5ED00483769 /* LocalAuthManager.swift */,
			);
			path = Manager;
			sourceTree = "<group>";
		};
		B03C5A6329BA1F2C00BFE310 /* Component */ = {
			isa = PBXGroup;
			children = (
			);
			path = Component;
			sourceTree = "<group>";
		};
		B0C8BE5929C1C5BF00483769 /* Extension */ = {
			isa = PBXGroup;
			children = (
				B0C8BE5F29C1CEC800483769 /* ColorExtension.swift */,
			);
			path = Extension;
			sourceTree = "<group>";
		};
		B0C8BE5C29C1C73400483769 /* Navigation */ = {
			isa = PBXGroup;
			children = (
				B03C5A5429BA1D3200BFE310 /* ContentView.swift */,
				B0C8BE6129C1D92400483769 /* TabNavigationView.swift */,
			);
			path = Navigation;
			sourceTree = "<group>";
		};
/* End PBXGroup section */

/* Begin PBXNativeTarget section */
		B03C5A4E29BA1D3200BFE310 /* MemoroApp */ = {
			isa = PBXNativeTarget;
			buildConfigurationList = B03C5A5D29BA1D3300BFE310 /* Build configuration list for PBXNativeTarget "MemoroApp" */;
			buildPhases = (
				B03C5A4B29BA1D3200BFE310 /* Sources */,
				B03C5A4C29BA1D3200BFE310 /* Frameworks */,
				B03C5A4D29BA1D3200BFE310 /* Resources */,
			);
			buildRules = (
			);
			dependencies = (
			);
			name = MemoroApp;
			productName = MemoroApp;
			productReference = B03C5A4F29BA1D3200BFE310 /* MemoroApp.app */;
			productType = "com.apple.product-type.application";
		};
/* End PBXNativeTarget section */

/* Begin PBXProject section */
		B03C5A4729BA1D3200BFE310 /* Project object */ = {
			isa = PBXProject;
			attributes = {
				BuildIndependentTargetsInParallel = 1;
				LastSwiftUpdateCheck = 1420;
				LastUpgradeCheck = 1420;
				TargetAttributes = {
					B03C5A4E29BA1D3200BFE310 = {
						CreatedOnToolsVersion = 14.2;
					};
				};
			};
			buildConfigurationList = B03C5A4A29BA1D3200BFE310 /* Build configuration list for PBXProject "MemoroApp" */;
			compatibilityVersion = "Xcode 14.0";
			developmentRegion = en;
			hasScannedForEncodings = 0;
			knownRegions = (
				en,
				Base,
			);
			mainGroup = B03C5A4629BA1D3200BFE310;
			productRefGroup = B03C5A5029BA1D3200BFE310 /* Products */;
			projectDirPath = "";
			projectRoot = "";
			targets = (
				B03C5A4E29BA1D3200BFE310 /* MemoroApp */,
			);
		};
/* End PBXProject section */

/* Begin PBXResourcesBuildPhase section */
		B03C5A4D29BA1D3200BFE310 /* Resources */ = {
			isa = PBXResourcesBuildPhase;
			buildActionMask = 2147483647;
			files = (
				B03C5A5A29BA1D3300BFE310 /* Preview Assets.xcassets in Resources */,
				B03C5A5729BA1D3300BFE310 /* Assets.xcassets in Resources */,
			);
			runOnlyForDeploymentPostprocessing = 0;
		};
/* End PBXResourcesBuildPhase section */

/* Begin PBXSourcesBuildPhase section */
		B03C5A4B29BA1D3200BFE310 /* Sources */ = {
			isa = PBXSourcesBuildPhase;
			buildActionMask = 2147483647;
			files = (
				B0C8BE6429C1E35500483769 /* SettingsView.swift in Sources */,
				B03C5A5529BA1D3200BFE310 /* ContentView.swift in Sources */,
				B0C8BE5B29C1C5ED00483769 /* LocalAuthManager.swift in Sources */,
				B0C8BE6229C1D92400483769 /* TabNavigationView.swift in Sources */,
				B0C8BE5E29C1C86600483769 /* LocalAuthView.swift in Sources */,
				B03C5A5329BA1D3200BFE310 /* MemoroAppApp.swift in Sources */,
				B06EA5A429C323C800D425E6 /* WorldMapView.swift in Sources */,
				B0C8BE6029C1CEC800483769 /* ColorExtension.swift in Sources */,
			);
			runOnlyForDeploymentPostprocessing = 0;
		};
/* End PBXSourcesBuildPhase section */

/* Begin XCBuildConfiguration section */
		B03C5A5B29BA1D3300BFE310 /* Debug */ = {
			isa = XCBuildConfiguration;
			buildSettings = {
				ALWAYS_SEARCH_USER_PATHS = NO;
				CLANG_ANALYZER_NONNULL = YES;
				CLANG_ANALYZER_NUMBER_OBJECT_CONVERSION = YES_AGGRESSIVE;
				CLANG_CXX_LANGUAGE_STANDARD = "gnu++20";
				CLANG_ENABLE_MODULES = YES;
				CLANG_ENABLE_OBJC_ARC = YES;
				CLANG_ENABLE_OBJC_WEAK = YES;
				CLANG_WARN_BLOCK_CAPTURE_AUTORELEASING = YES;
				CLANG_WARN_BOOL_CONVERSION = YES;
				CLANG_WARN_COMMA = YES;
				CLANG_WARN_CONSTANT_CONVERSION = YES;
				CLANG_WARN_DEPRECATED_OBJC_IMPLEMENTATIONS = YES;
				CLANG_WARN_DIRECT_OBJC_ISA_USAGE = YES_ERROR;
				CLANG_WARN_DOCUMENTATION_COMMENTS = YES;
				CLANG_WARN_EMPTY_BODY = YES;
				CLANG_WARN_ENUM_CONVERSION = YES;
				CLANG_WARN_INFINITE_RECURSION = YES;
				CLANG_WARN_INT_CONVERSION = YES;
				CLANG_WARN_NON_LITERAL_NULL_CONVERSION = YES;
				CLANG_WARN_OBJC_IMPLICIT_RETAIN_SELF = YES;
				CLANG_WARN_OBJC_LITERAL_CONVERSION = YES;
				CLANG_WARN_OBJC_ROOT_CLASS = YES_ERROR;
				CLANG_WARN_QUOTED_INCLUDE_IN_FRAMEWORK_HEADER = YES;
				CLANG_WARN_RANGE_LOOP_ANALYSIS = YES;
				CLANG_WARN_STRICT_PROTOTYPES = YES;
				CLANG_WARN_SUSPICIOUS_MOVE = YES;
				CLANG_WARN_UNGUARDED_AVAILABILITY = YES_AGGRESSIVE;
				CLANG_WARN_UNREACHABLE_CODE = YES;
				CLANG_WARN__DUPLICATE_METHOD_MATCH = YES;
				COPY_PHASE_STRIP = NO;
				DEBUG_INFORMATION_FORMAT = dwarf;
				ENABLE_STRICT_OBJC_MSGSEND = YES;
				ENABLE_TESTABILITY = YES;
				GCC_C_LANGUAGE_STANDARD = gnu11;
				GCC_DYNAMIC_NO_PIC = NO;
				GCC_NO_COMMON_BLOCKS = YES;
				GCC_OPTIMIZATION_LEVEL = 0;
				GCC_PREPROCESSOR_DEFINITIONS = (
					"DEBUG=1",
					"$(inherited)",
				);
				GCC_WARN_64_TO_32_BIT_CONVERSION = YES;
				GCC_WARN_ABOUT_RETURN_TYPE = YES_ERROR;
				GCC_WARN_UNDECLARED_SELECTOR = YES;
				GCC_WARN_UNINITIALIZED_AUTOS = YES_AGGRESSIVE;
				GCC_WARN_UNUSED_FUNCTION = YES;
				GCC_WARN_UNUSED_VARIABLE = YES;
				IPHONEOS_DEPLOYMENT_TARGET = 16.2;
				MTL_ENABLE_DEBUG_INFO = INCLUDE_SOURCE;
				MTL_FAST_MATH = YES;
				ONLY_ACTIVE_ARCH = YES;
				SDKROOT = iphoneos;
				SWIFT_ACTIVE_COMPILATION_CONDITIONS = DEBUG;
				SWIFT_OPTIMIZATION_LEVEL = "-Onone";
			};
			name = Debug;
		};
		B03C5A5C29BA1D3300BFE310 /* Release */ = {
			isa = XCBuildConfiguration;
			buildSettings = {
				ALWAYS_SEARCH_USER_PATHS = NO;
				CLANG_ANALYZER_NONNULL = YES;
				CLANG_ANALYZER_NUMBER_OBJECT_CONVERSION = YES_AGGRESSIVE;
				CLANG_CXX_LANGUAGE_STANDARD = "gnu++20";
				CLANG_ENABLE_MODULES = YES;
				CLANG_ENABLE_OBJC_ARC = YES;
				CLANG_ENABLE_OBJC_WEAK = YES;
				CLANG_WARN_BLOCK_CAPTURE_AUTORELEASING = YES;
				CLANG_WARN_BOOL_CONVERSION = YES;
				CLANG_WARN_COMMA = YES;
				CLANG_WARN_CONSTANT_CONVERSION = YES;
				CLANG_WARN_DEPRECATED_OBJC_IMPLEMENTATIONS = YES;
				CLANG_WARN_DIRECT_OBJC_ISA_USAGE = YES_ERROR;
				CLANG_WARN_DOCUMENTATION_COMMENTS = YES;
				CLANG_WARN_EMPTY_BODY = YES;
				CLANG_WARN_ENUM_CONVERSION = YES;
				CLANG_WARN_INFINITE_RECURSION = YES;
				CLANG_WARN_INT_CONVERSION = YES;
				CLANG_WARN_NON_LITERAL_NULL_CONVERSION = YES;
				CLANG_WARN_OBJC_IMPLICIT_RETAIN_SELF = YES;
				CLANG_WARN_OBJC_LITERAL_CONVERSION = YES;
				CLANG_WARN_OBJC_ROOT_CLASS = YES_ERROR;
				CLANG_WARN_QUOTED_INCLUDE_IN_FRAMEWORK_HEADER = YES;
				CLANG_WARN_RANGE_LOOP_ANALYSIS = YES;
				CLANG_WARN_STRICT_PROTOTYPES = YES;
				CLANG_WARN_SUSPICIOUS_MOVE = YES;
				CLANG_WARN_UNGUARDED_AVAILABILITY = YES_AGGRESSIVE;
				CLANG_WARN_UNREACHABLE_CODE = YES;
				CLANG_WARN__DUPLICATE_METHOD_MATCH = YES;
				COPY_PHASE_STRIP = NO;
				DEBUG_INFORMATION_FORMAT = "dwarf-with-dsym";
				ENABLE_NS_ASSERTIONS = NO;
				ENABLE_STRICT_OBJC_MSGSEND = YES;
				GCC_C_LANGUAGE_STANDARD = gnu11;
				GCC_NO_COMMON_BLOCKS = YES;
				GCC_WARN_64_TO_32_BIT_CONVERSION = YES;
				GCC_WARN_ABOUT_RETURN_TYPE = YES_ERROR;
				GCC_WARN_UNDECLARED_SELECTOR = YES;
				GCC_WARN_UNINITIALIZED_AUTOS = YES_AGGRESSIVE;
				GCC_WARN_UNUSED_FUNCTION = YES;
				GCC_WARN_UNUSED_VARIABLE = YES;
				IPHONEOS_DEPLOYMENT_TARGET = 16.2;
				MTL_ENABLE_DEBUG_INFO = NO;
				MTL_FAST_MATH = YES;
				SDKROOT = iphoneos;
				SWIFT_COMPILATION_MODE = wholemodule;
				SWIFT_OPTIMIZATION_LEVEL = "-O";
				VALIDATE_PRODUCT = YES;
			};
			name = Release;
		};
		B03C5A5E29BA1D3300BFE310 /* Debug */ = {
			isa = XCBuildConfiguration;
			buildSettings = {
				ASSETCATALOG_COMPILER_APPICON_NAME = AppIcon;
				ASSETCATALOG_COMPILER_GLOBAL_ACCENT_COLOR_NAME = AccentColor;
				CODE_SIGN_STYLE = Automatic;
				CURRENT_PROJECT_VERSION = 1;
				DEVELOPMENT_ASSET_PATHS = "\"MemoroApp/Preview Content\"";
				DEVELOPMENT_TEAM = YYLHLGYA35;
				ENABLE_PREVIEWS = YES;
				GENERATE_INFOPLIST_FILE = YES;
				INFOPLIST_KEY_NSFaceIDUsageDescription = "We need to authenticate you to unlock your places.";
				INFOPLIST_KEY_UIApplicationSceneManifest_Generation = YES;
				INFOPLIST_KEY_UIApplicationSupportsIndirectInputEvents = YES;
				INFOPLIST_KEY_UILaunchScreen_Generation = YES;
				INFOPLIST_KEY_UISupportedInterfaceOrientations_iPad = "UIInterfaceOrientationPortrait UIInterfaceOrientationPortraitUpsideDown UIInterfaceOrientationLandscapeLeft UIInterfaceOrientationLandscapeRight";
				INFOPLIST_KEY_UISupportedInterfaceOrientations_iPhone = "UIInterfaceOrientationPortrait UIInterfaceOrientationLandscapeLeft UIInterfaceOrientationLandscapeRight";
				LD_RUNPATH_SEARCH_PATHS = (
					"$(inherited)",
					"@executable_path/Frameworks",
				);
				MARKETING_VERSION = 1.0;
				PRODUCT_BUNDLE_IDENTIFIER = me.antoniocasto.MemoroApp;
				PRODUCT_NAME = "$(TARGET_NAME)";
				SWIFT_EMIT_LOC_STRINGS = YES;
				SWIFT_VERSION = 5.0;
				TARGETED_DEVICE_FAMILY = "1,2";
			};
			name = Debug;
		};
		B03C5A5F29BA1D3300BFE310 /* Release */ = {
			isa = XCBuildConfiguration;
			buildSettings = {
				ASSETCATALOG_COMPILER_APPICON_NAME = AppIcon;
				ASSETCATALOG_COMPILER_GLOBAL_ACCENT_COLOR_NAME = AccentColor;
				CODE_SIGN_STYLE = Automatic;
				CURRENT_PROJECT_VERSION = 1;
				DEVELOPMENT_ASSET_PATHS = "\"MemoroApp/Preview Content\"";
				DEVELOPMENT_TEAM = YYLHLGYA35;
				ENABLE_PREVIEWS = YES;
				GENERATE_INFOPLIST_FILE = YES;
				INFOPLIST_KEY_NSFaceIDUsageDescription = "We need to authenticate you to unlock your places.";
				INFOPLIST_KEY_UIApplicationSceneManifest_Generation = YES;
				INFOPLIST_KEY_UIApplicationSupportsIndirectInputEvents = YES;
				INFOPLIST_KEY_UILaunchScreen_Generation = YES;
				INFOPLIST_KEY_UISupportedInterfaceOrientations_iPad = "UIInterfaceOrientationPortrait UIInterfaceOrientationPortraitUpsideDown UIInterfaceOrientationLandscapeLeft UIInterfaceOrientationLandscapeRight";
				INFOPLIST_KEY_UISupportedInterfaceOrientations_iPhone = "UIInterfaceOrientationPortrait UIInterfaceOrientationLandscapeLeft UIInterfaceOrientationLandscapeRight";
				LD_RUNPATH_SEARCH_PATHS = (
					"$(inherited)",
					"@executable_path/Frameworks",
				);
				MARKETING_VERSION = 1.0;
				PRODUCT_BUNDLE_IDENTIFIER = me.antoniocasto.MemoroApp;
				PRODUCT_NAME = "$(TARGET_NAME)";
				SWIFT_EMIT_LOC_STRINGS = YES;
				SWIFT_VERSION = 5.0;
				TARGETED_DEVICE_FAMILY = "1,2";
			};
			name = Release;
		};
/* End XCBuildConfiguration section */

/* Begin XCConfigurationList section */
		B03C5A4A29BA1D3200BFE310 /* Build configuration list for PBXProject "MemoroApp" */ = {
			isa = XCConfigurationList;
			buildConfigurations = (
				B03C5A5B29BA1D3300BFE310 /* Debug */,
				B03C5A5C29BA1D3300BFE310 /* Release */,
			);
			defaultConfigurationIsVisible = 0;
			defaultConfigurationName = Release;
		};
		B03C5A5D29BA1D3300BFE310 /* Build configuration list for PBXNativeTarget "MemoroApp" */ = {
			isa = XCConfigurationList;
			buildConfigurations = (
				B03C5A5E29BA1D3300BFE310 /* Debug */,
				B03C5A5F29BA1D3300BFE310 /* Release */,
			);
			defaultConfigurationIsVisible = 0;
			defaultConfigurationName = Release;
		};
/* End XCConfigurationList section */
	};
	rootObject = B03C5A4729BA1D3200BFE310 /* Project object */;
}
